
Microsoft Visual Studio Solution File, Format Version 12.00
# Visual Studio Version 17
VisualStudioVersion = 17.1.32210.238
MinimumVisualStudioVersion = 10.0.40219.1
Project("{FAE04EC0-301F-11D3-BF4B-00C04F79EFBC}") = "IEnumerableInterface", "IEnumerableInterface\IEnumerableInterface.csproj", "{23E643C8-C755-44C6-9990-422483F65AF7}"
EndProject
Global
	GlobalSection(SolutionConfigurationPlatforms) = preSolution
		Debug|Any CPU = Debug|Any CPU
		Release|Any CPU = Release|Any CPU
	EndGlobalSection
	GlobalSection(ProjectConfigurationPlatforms) = postSolution
		{23E643C8-C755-44C6-9990-422483F65AF7}.Debug|Any CPU.ActiveCfg = Debug|Any CPU
		{23E643C8-C755-44C6-9990-422483F65AF7}.Debug|Any CPU.Build.0 = Debug|Any CPU
		{23E643C8-C755-44C6-9990-422483F65AF7}.Release|Any CPU.ActiveCfg = Release|Any CPU
		{23E643C8-C755-44C6-9990-422483F65AF7}.Release|Any CPU.Build.0 = Release|Any CPU
	EndGlobalSection
	GlobalSection(SolutionProperties) = preSolution
		HideSolutionNode = FALSE
	EndGlobalSection
	GlobalSection(ExtensibilityGlobals) = postSolution
		SolutionGuid = {A1FBCBB3-37B5-41F3-A1A7-9A6AF1DC94E4}
	EndGlobalSection
EndGlobal
