
Microsoft Visual Studio Solution File, Format Version 12.00
# Visual Studio Version 17
VisualStudioVersion = 17.1.32210.238
MinimumVisualStudioVersion = 10.0.40219.1
Project("{FAE04EC0-301F-11D3-BF4B-00C04F79EFBC}") = "TypesDemo", "TypesDemo\TypesDemo.csproj", "{A7E5C389-FE0A-43DE-A49B-FD6E92AE6250}"
EndProject
Global
	GlobalSection(SolutionConfigurationPlatforms) = preSolution
		Debug|Any CPU = Debug|Any CPU
		Release|Any CPU = Release|Any CPU
	EndGlobalSection
	GlobalSection(ProjectConfigurationPlatforms) = postSolution
		{A7E5C389-FE0A-43DE-A49B-FD6E92AE6250}.Debug|Any CPU.ActiveCfg = Debug|Any CPU
		{A7E5C389-FE0A-43DE-A49B-FD6E92AE6250}.Debug|Any CPU.Build.0 = Debug|Any CPU
		{A7E5C389-FE0A-43DE-A49B-FD6E92AE6250}.Release|Any CPU.ActiveCfg = Release|Any CPU
		{A7E5C389-FE0A-43DE-A49B-FD6E92AE6250}.Release|Any CPU.Build.0 = Release|Any CPU
	EndGlobalSection
	GlobalSection(SolutionProperties) = preSolution
		HideSolutionNode = FALSE
	EndGlobalSection
	GlobalSection(ExtensibilityGlobals) = postSolution
		SolutionGuid = {2EEC465F-54E9-4FF1-86D6-FB6CD0B1C960}
	EndGlobalSection
EndGlobal
