
Microsoft Visual Studio Solution File, Format Version 12.00
# Visual Studio Version 17
VisualStudioVersion = 17.1.32210.238
MinimumVisualStudioVersion = 10.0.40219.1
Project("{FAE04EC0-301F-11D3-BF4B-00C04F79EFBC}") = "MVC123", "MVC123\MVC123.csproj", "{2795E93E-1C3C-4B54-92D1-D3CEDF9CE052}"
EndProject
Global
	GlobalSection(SolutionConfigurationPlatforms) = preSolution
		Debug|Any CPU = Debug|Any CPU
		Release|Any CPU = Release|Any CPU
	EndGlobalSection
	GlobalSection(ProjectConfigurationPlatforms) = postSolution
		{2795E93E-1C3C-4B54-92D1-D3CEDF9CE052}.Debug|Any CPU.ActiveCfg = Debug|Any CPU
		{2795E93E-1C3C-4B54-92D1-D3CEDF9CE052}.Debug|Any CPU.Build.0 = Debug|Any CPU
		{2795E93E-1C3C-4B54-92D1-D3CEDF9CE052}.Release|Any CPU.ActiveCfg = Release|Any CPU
		{2795E93E-1C3C-4B54-92D1-D3CEDF9CE052}.Release|Any CPU.Build.0 = Release|Any CPU
	EndGlobalSection
	GlobalSection(SolutionProperties) = preSolution
		HideSolutionNode = FALSE
	EndGlobalSection
	GlobalSection(ExtensibilityGlobals) = postSolution
		SolutionGuid = {182C4811-8982-4951-B850-5E305C85BB95}
	EndGlobalSection
EndGlobal
