
Microsoft Visual Studio Solution File, Format Version 12.00
# Visual Studio Version 17
VisualStudioVersion = 17.1.32210.238
MinimumVisualStudioVersion = 10.0.40219.1
Project("{FAE04EC0-301F-11D3-BF4B-00C04F79EFBC}") = "ExceptionHandling", "ExceptionHandling\ExceptionHandling.csproj", "{B712AF08-2984-4DC3-A5E9-9CA9E5525772}"
EndProject
Global
	GlobalSection(SolutionConfigurationPlatforms) = preSolution
		Debug|Any CPU = Debug|Any CPU
		Release|Any CPU = Release|Any CPU
	EndGlobalSection
	GlobalSection(ProjectConfigurationPlatforms) = postSolution
		{B712AF08-2984-4DC3-A5E9-9CA9E5525772}.Debug|Any CPU.ActiveCfg = Debug|Any CPU
		{B712AF08-2984-4DC3-A5E9-9CA9E5525772}.Debug|Any CPU.Build.0 = Debug|Any CPU
		{B712AF08-2984-4DC3-A5E9-9CA9E5525772}.Release|Any CPU.ActiveCfg = Release|Any CPU
		{B712AF08-2984-4DC3-A5E9-9CA9E5525772}.Release|Any CPU.Build.0 = Release|Any CPU
	EndGlobalSection
	GlobalSection(SolutionProperties) = preSolution
		HideSolutionNode = FALSE
	EndGlobalSection
	GlobalSection(ExtensibilityGlobals) = postSolution
		SolutionGuid = {AD9B7ECC-DF43-415C-8DE1-0C0504619664}
	EndGlobalSection
EndGlobal
