
Microsoft Visual Studio Solution File, Format Version 12.00
# Visual Studio Version 17
VisualStudioVersion = 17.1.32210.238
MinimumVisualStudioVersion = 10.0.40219.1
Project("{FAE04EC0-301F-11D3-BF4B-00C04F79EFBC}") = "EFMVC", "EFMVC\EFMVC.csproj", "{AC29181E-2E60-4FB5-9A26-56C45A030626}"
EndProject
Global
	GlobalSection(SolutionConfigurationPlatforms) = preSolution
		Debug|Any CPU = Debug|Any CPU
		Release|Any CPU = Release|Any CPU
	EndGlobalSection
	GlobalSection(ProjectConfigurationPlatforms) = postSolution
		{AC29181E-2E60-4FB5-9A26-56C45A030626}.Debug|Any CPU.ActiveCfg = Debug|Any CPU
		{AC29181E-2E60-4FB5-9A26-56C45A030626}.Debug|Any CPU.Build.0 = Debug|Any CPU
		{AC29181E-2E60-4FB5-9A26-56C45A030626}.Release|Any CPU.ActiveCfg = Release|Any CPU
		{AC29181E-2E60-4FB5-9A26-56C45A030626}.Release|Any CPU.Build.0 = Release|Any CPU
	EndGlobalSection
	GlobalSection(SolutionProperties) = preSolution
		HideSolutionNode = FALSE
	EndGlobalSection
	GlobalSection(ExtensibilityGlobals) = postSolution
		SolutionGuid = {A2C294EC-DA85-4FFD-A4DF-9433DA0A5655}
	EndGlobalSection
EndGlobal
